// !$*UTF8*$!
{
	archiveVersion = 1;
	classes = {
	};
	objectVersion = 50;
	objects = {

/* Begin PBXBuildFile section */
		AF060D6E25A61AE900DA96C7 /* Game.swift in Sources */ = {isa = PBXBuildFile; fileRef = AF060D6D25A61AE900DA96C7 /* Game.swift */; };
		AF366F8625A4B3E20075A3C1 /* BullseyeApp.swift in Sources */ = {isa = PBXBuildFile; fileRef = AF366F8525A4B3E20075A3C1 /* BullseyeApp.swift */; };
		AF366F8825A4B3E20075A3C1 /* ContentView.swift in Sources */ = {isa = PBXBuildFile; fileRef = AF366F8725A4B3E20075A3C1 /* ContentView.swift */; };
		AF366F8A25A4B3E80075A3C1 /* Assets.xcassets in Resources */ = {isa = PBXBuildFile; fileRef = AF366F8925A4B3E80075A3C1 /* Assets.xcassets */; };
		AF366F8D25A4B3E80075A3C1 /* Preview Assets.xcassets in Resources */ = {isa = PBXBuildFile; fileRef = AF366F8C25A4B3E80075A3C1 /* Preview Assets.xcassets */; };
		AFFA9AC325A74C3100E0AC54 /* BullseyeTests.swift in Sources */ = {isa = PBXBuildFile; fileRef = AFFA9AC225A74C3000E0AC54 /* BullseyeTests.swift */; };
/* End PBXBuildFile section */

/* Begin PBXContainerItemProxy section */
		AFFA9AC525A74C3100E0AC54 /* PBXContainerItemProxy */ = {
			isa = PBXContainerItemProxy;
			containerPortal = AF366F7A25A4B3E20075A3C1 /* Project object */;
			proxyType = 1;
			remoteGlobalIDString = AF366F8125A4B3E20075A3C1;
			remoteInfo = Bullseye;
		};
/* End PBXContainerItemProxy section */

/* Begin PBXFileReference section */
		AF060D6D25A61AE900DA96C7 /* Game.swift */ = {isa = PBXFileReference; lastKnownFileType = sourcecode.swift; path = Game.swift; sourceTree = "<group>"; };
		AF366F8225A4B3E20075A3C1 /* Bullseye.app */ = {isa = PBXFileReference; explicitFileType = wrapper.application; includeInIndex = 0; path = Bullseye.app; sourceTree = BUILT_PRODUCTS_DIR; };
		AF366F8525A4B3E20075A3C1 /* BullseyeApp.swift */ = {isa = PBXFileReference; lastKnownFileType = sourcecode.swift; path = BullseyeApp.swift; sourceTree = "<group>"; };
		AF366F8725A4B3E20075A3C1 /* ContentView.swift */ = {isa = PBXFileReference; lastKnownFileType = sourcecode.swift; path = ContentView.swift; sourceTree = "<group>"; };
		AF366F8925A4B3E80075A3C1 /* Assets.xcassets */ = {isa = PBXFileReference; lastKnownFileType = folder.assetcatalog; path = Assets.xcassets; sourceTree = "<group>"; };
		AF366F8C25A4B3E80075A3C1 /* Preview Assets.xcassets */ = {isa = PBXFileReference; lastKnownFileType = folder.assetcatalog; path = "Preview Assets.xcassets"; sourceTree = "<group>"; };
		AF366F8E25A4B3E80075A3C1 /* Info.plist */ = {isa = PBXFileReference; lastKnownFileType = text.plist.xml; path = Info.plist; sourceTree = "<group>"; };
		AFFA9AC025A74C3000E0AC54 /* BullseyeTests.xctest */ = {isa = PBXFileReference; explicitFileType = wrapper.cfbundle; includeInIndex = 0; path = BullseyeTests.xctest; sourceTree = BUILT_PRODUCTS_DIR; };
		AFFA9AC225A74C3000E0AC54 /* BullseyeTests.swift */ = {isa = PBXFileReference; lastKnownFileType = sourcecode.swift; path = BullseyeTests.swift; sourceTree = "<group>"; };
		AFFA9AC425A74C3100E0AC54 /* Info.plist */ = {isa = PBXFileReference; lastKnownFileType = text.plist.xml; path = Info.plist; sourceTree = "<group>"; };
/* End PBXFileReference section */

/* Begin PBXFrameworksBuildPhase section */
		AF366F7F25A4B3E20075A3C1 /* Frameworks */ = {
			isa = PBXFrameworksBuildPhase;
			buildActionMask = 2147483647;
			files = (
			);
			runOnlyForDeploymentPostprocessing = 0;
		};
		AFFA9ABD25A74C3000E0AC54 /* Frameworks */ = {
			isa = PBXFrameworksBuildPhase;
			buildActionMask = 2147483647;
			files = (
			);
			runOnlyForDeploymentPostprocessing = 0;
		};
/* End PBXFrameworksBuildPhase section */

/* Begin PBXGroup section */
		AF060D6825A618F500DA96C7 /* Models */ = {
			isa = PBXGroup;
			children = (
				AF060D6D25A61AE900DA96C7 /* Game.swift */,
			);
			path = Models;
			sourceTree = "<group>";
		};
		AF060D6925A6196D00DA96C7 /* Views */ = {
			isa = PBXGroup;
			children = (
				AF366F8725A4B3E20075A3C1 /* ContentView.swift */,
			);
			path = Views;
			sourceTree = "<group>";
		};
		AF060D6A25A6199200DA96C7 /* App */ = {
			isa = PBXGroup;
			children = (
				AF366F8525A4B3E20075A3C1 /* BullseyeApp.swift */,
				AF366F8925A4B3E80075A3C1 /* Assets.xcassets */,
				AF366F8E25A4B3E80075A3C1 /* Info.plist */,
			);
			path = App;
			sourceTree = "<group>";
		};
		AF366F7925A4B3E20075A3C1 = {
			isa = PBXGroup;
			children = (
				AF366F8425A4B3E20075A3C1 /* Bullseye */,
				AFFA9AC125A74C3000E0AC54 /* BullseyeTests */,
				AF366F8325A4B3E20075A3C1 /* Products */,
			);
			sourceTree = "<group>";
		};
		AF366F8325A4B3E20075A3C1 /* Products */ = {
			isa = PBXGroup;
			children = (
				AF366F8225A4B3E20075A3C1 /* Bullseye.app */,
				AFFA9AC025A74C3000E0AC54 /* BullseyeTests.xctest */,
			);
			name = Products;
			sourceTree = "<group>";
		};
		AF366F8425A4B3E20075A3C1 /* Bullseye */ = {
			isa = PBXGroup;
			children = (
				AF060D6A25A6199200DA96C7 /* App */,
				AF060D6925A6196D00DA96C7 /* Views */,
				AF060D6825A618F500DA96C7 /* Models */,
				AF366F8B25A4B3E80075A3C1 /* Preview Content */,
			);
			path = Bullseye;
			sourceTree = "<group>";
		};
		AF366F8B25A4B3E80075A3C1 /* Preview Content */ = {
			isa = PBXGroup;
			children = (
				AF366F8C25A4B3E80075A3C1 /* Preview Assets.xcassets */,
			);
			path = "Preview Content";
			sourceTree = "<group>";
		};
		AFFA9AC125A74C3000E0AC54 /* BullseyeTests */ = {
			isa = PBXGroup;
			children = (
				AFFA9AC225A74C3000E0AC54 /* BullseyeTests.swift */,
				AFFA9AC425A74C3100E0AC54 /* Info.plist */,
			);
			path = BullseyeTests;
			sourceTree = "<group>";
		};
/* End PBXGroup section */

/* Begin PBXNativeTarget section */
		AF366F8125A4B3E20075A3C1 /* Bullseye */ = {
			isa = PBXNativeTarget;
			buildConfigurationList = AF366F9125A4B3E80075A3C1 /* Build configuration list for PBXNativeTarget "Bullseye" */;
			buildPhases = (
				AF366F7E25A4B3E20075A3C1 /* Sources */,
				AF366F7F25A4B3E20075A3C1 /* Frameworks */,
				AF366F8025A4B3E20075A3C1 /* Resources */,
			);
			buildRules = (
			);
			dependencies = (
			);
			name = Bullseye;
			productName = Bullseye;
			productReference = AF366F8225A4B3E20075A3C1 /* Bullseye.app */;
			productType = "com.apple.product-type.application";
		};
		AFFA9ABF25A74C3000E0AC54 /* BullseyeTests */ = {
			isa = PBXNativeTarget;
			buildConfigurationList = AFFA9AC925A74C3100E0AC54 /* Build configuration list for PBXNativeTarget "BullseyeTests" */;
			buildPhases = (
				AFFA9ABC25A74C3000E0AC54 /* Sources */,
				AFFA9ABD25A74C3000E0AC54 /* Frameworks */,
				AFFA9ABE25A74C3000E0AC54 /* Resources */,
			);
			buildRules = (
			);
			dependencies = (
				AFFA9AC625A74C3100E0AC54 /* PBXTargetDependency */,
			);
			name = BullseyeTests;
			productName = BullseyeTests;
			productReference = AFFA9AC025A74C3000E0AC54 /* BullseyeTests.xctest */;
			productType = "com.apple.product-type.bundle.unit-test";
		};
/* End PBXNativeTarget section */

/* Begin PBXProject section */
		AF366F7A25A4B3E20075A3C1 /* Project object */ = {
			isa = PBXProject;
			attributes = {
				LastSwiftUpdateCheck = 1230;
				LastUpgradeCheck = 1220;
				TargetAttributes = {
					AF366F8125A4B3E20075A3C1 = {
						CreatedOnToolsVersion = 12.2;
					};
					AFFA9ABF25A74C3000E0AC54 = {
						CreatedOnToolsVersion = 12.3;
						TestTargetID = AF366F8125A4B3E20075A3C1;
					};
				};
			};
			buildConfigurationList = AF366F7D25A4B3E20075A3C1 /* Build configuration list for PBXProject "Bullseye" */;
			compatibilityVersion = "Xcode 9.3";
			developmentRegion = en;
			hasScannedForEncodings = 0;
			knownRegions = (
				en,
				Base,
			);
			mainGroup = AF366F7925A4B3E20075A3C1;
			productRefGroup = AF366F8325A4B3E20075A3C1 /* Products */;
			projectDirPath = "";
			projectRoot = "";
			targets = (
				AF366F8125A4B3E20075A3C1 /* Bullseye */,
				AFFA9ABF25A74C3000E0AC54 /* BullseyeTests */,
			);
		};
/* End PBXProject section */

/* Begin PBXResourcesBuildPhase section */
		AF366F8025A4B3E20075A3C1 /* Resources */ = {
			isa = PBXResourcesBuildPhase;
			buildActionMask = 2147483647;
			files = (
				AF366F8D25A4B3E80075A3C1 /* Preview Assets.xcassets in Resources */,
				AF366F8A25A4B3E80075A3C1 /* Assets.xcassets in Resources */,
			);
			runOnlyForDeploymentPostprocessing = 0;
		};
		AFFA9ABE25A74C3000E0AC54 /* Resources */ = {
			isa = PBXResourcesBuildPhase;
			buildActionMask = 2147483647;
			files = (
			);
			runOnlyForDeploymentPostprocessing = 0;
		};
/* End PBXResourcesBuildPhase section */

/* Begin PBXSourcesBuildPhase section */
		AF366F7E25A4B3E20075A3C1 /* Sources */ = {
			isa = PBXSourcesBuildPhase;
			buildActionMask = 2147483647;
			files = (
				AF366F8825A4B3E20075A3C1 /* ContentView.swift in Sources */,
				AF060D6E25A61AE900DA96C7 /* Game.swift in Sources */,
				AF366F8625A4B3E20075A3C1 /* BullseyeApp.swift in Sources */,
			);
			runOnlyForDeploymentPostprocessing = 0;
		};
		AFFA9ABC25A74C3000E0AC54 /* Sources */ = {
			isa = PBXSourcesBuildPhase;
			buildActionMask = 2147483647;
			files = (
				AFFA9AC325A74C3100E0AC54 /* BullseyeTests.swift in Sources */,
			);
			runOnlyForDeploymentPostprocessing = 0;
		};
/* End PBXSourcesBuildPhase section */

/* Begin PBXTargetDependency section */
		AFFA9AC625A74C3100E0AC54 /* PBXTargetDependency */ = {
			isa = PBXTargetDependency;
			target = AF366F8125A4B3E20075A3C1 /* Bullseye */;
			targetProxy = AFFA9AC525A74C3100E0AC54 /* PBXContainerItemProxy */;
		};
/* End PBXTargetDependency section */

/* Begin XCBuildConfiguration section */
		AF366F8F25A4B3E80075A3C1 /* Debug */ = {
			isa = XCBuildConfiguration;
			buildSettings = {
				ALWAYS_SEARCH_USER_PATHS = NO;
				CLANG_ANALYZER_NONNULL = YES;
				CLANG_ANALYZER_NUMBER_OBJECT_CONVERSION = YES_AGGRESSIVE;
				CLANG_CXX_LANGUAGE_STANDARD = "gnu++14";
				CLANG_CXX_LIBRARY = "libc++";
				CLANG_ENABLE_MODULES = YES;
				CLANG_ENABLE_OBJC_ARC = YES;
				CLANG_ENABLE_OBJC_WEAK = YES;
				CLANG_WARN_BLOCK_CAPTURE_AUTORELEASING = YES;
				CLANG_WARN_BOOL_CONVERSION = YES;
				CLANG_WARN_COMMA = YES;
				CLANG_WARN_CONSTANT_CONVERSION = YES;
				CLANG_WARN_DEPRECATED_OBJC_IMPLEMENTATIONS = YES;
				CLANG_WARN_DIRECT_OBJC_ISA_USAGE = YES_ERROR;
				CLANG_WARN_DOCUMENTATION_COMMENTS = YES;
				CLANG_WARN_EMPTY_BODY = YES;
				CLANG_WARN_ENUM_CONVERSION = YES;
				CLANG_WARN_INFINITE_RECURSION = YES;
				CLANG_WARN_INT_CONVERSION = YES;
				CLANG_WARN_NON_LITERAL_NULL_CONVERSION = YES;
				CLANG_WARN_OBJC_IMPLICIT_RETAIN_SELF = YES;
				CLANG_WARN_OBJC_LITERAL_CONVERSION = YES;
				CLANG_WARN_OBJC_ROOT_CLASS = YES_ERROR;
				CLANG_WARN_QUOTED_INCLUDE_IN_FRAMEWORK_HEADER = YES;
				CLANG_WARN_RANGE_LOOP_ANALYSIS = YES;
				CLANG_WARN_STRICT_PROTOTYPES = YES;
				CLANG_WARN_SUSPICIOUS_MOVE = YES;
				CLANG_WARN_UNGUARDED_AVAILABILITY = YES_AGGRESSIVE;
				CLANG_WARN_UNREACHABLE_CODE = YES;
				CLANG_WARN__DUPLICATE_METHOD_MATCH = YES;
				COPY_PHASE_STRIP = NO;
				DEBUG_INFORMATION_FORMAT = dwarf;
				ENABLE_STRICT_OBJC_MSGSEND = YES;
				ENABLE_TESTABILITY = YES;
				GCC_C_LANGUAGE_STANDARD = gnu11;
				GCC_DYNAMIC_NO_PIC = NO;
				GCC_NO_COMMON_BLOCKS = YES;
				GCC_OPTIMIZATION_LEVEL = 0;
				GCC_PREPROCESSOR_DEFINITIONS = (
					"DEBUG=1",
					"$(inherited)",
				);
				GCC_WARN_64_TO_32_BIT_CONVERSION = YES;
				GCC_WARN_ABOUT_RETURN_TYPE = YES_ERROR;
				GCC_WARN_UNDECLARED_SELECTOR = YES;
				GCC_WARN_UNINITIALIZED_AUTOS = YES_AGGRESSIVE;
				GCC_WARN_UNUSED_FUNCTION = YES;
				GCC_WARN_UNUSED_VARIABLE = YES;
				IPHONEOS_DEPLOYMENT_TARGET = 14.2;
				MTL_ENABLE_DEBUG_INFO = INCLUDE_SOURCE;
				MTL_FAST_MATH = YES;
				ONLY_ACTIVE_ARCH = YES;
				SDKROOT = iphoneos;
				SWIFT_ACTIVE_COMPILATION_CONDITIONS = DEBUG;
				SWIFT_OPTIMIZATION_LEVEL = "-Onone";
			};
			name = Debug;
		};
		AF366F9025A4B3E80075A3C1 /* Release */ = {
			isa = XCBuildConfiguration;
			buildSettings = {
				ALWAYS_SEARCH_USER_PATHS = NO;
				CLANG_ANALYZER_NONNULL = YES;
				CLANG_ANALYZER_NUMBER_OBJECT_CONVERSION = YES_AGGRESSIVE;
				CLANG_CXX_LANGUAGE_STANDARD = "gnu++14";
				CLANG_CXX_LIBRARY = "libc++";
				CLANG_ENABLE_MODULES = YES;
				CLANG_ENABLE_OBJC_ARC = YES;
				CLANG_ENABLE_OBJC_WEAK = YES;
				CLANG_WARN_BLOCK_CAPTURE_AUTORELEASING = YES;
				CLANG_WARN_BOOL_CONVERSION = YES;
				CLANG_WARN_COMMA = YES;
				CLANG_WARN_CONSTANT_CONVERSION = YES;
				CLANG_WARN_DEPRECATED_OBJC_IMPLEMENTATIONS = YES;
				CLANG_WARN_DIRECT_OBJC_ISA_USAGE = YES_ERROR;
				CLANG_WARN_DOCUMENTATION_COMMENTS = YES;
				CLANG_WARN_EMPTY_BODY = YES;
				CLANG_WARN_ENUM_CONVERSION = YES;
				CLANG_WARN_INFINITE_RECURSION = YES;
				CLANG_WARN_INT_CONVERSION = YES;
				CLANG_WARN_NON_LITERAL_NULL_CONVERSION = YES;
				CLANG_WARN_OBJC_IMPLICIT_RETAIN_SELF = YES;
				CLANG_WARN_OBJC_LITERAL_CONVERSION = YES;
				CLANG_WARN_OBJC_ROOT_CLASS = YES_ERROR;
				CLANG_WARN_QUOTED_INCLUDE_IN_FRAMEWORK_HEADER = YES;
				CLANG_WARN_RANGE_LOOP_ANALYSIS = YES;
				CLANG_WARN_STRICT_PROTOTYPES = YES;
				CLANG_WARN_SUSPICIOUS_MOVE = YES;
				CLANG_WARN_UNGUARDED_AVAILABILITY = YES_AGGRESSIVE;
				CLANG_WARN_UNREACHABLE_CODE = YES;
				CLANG_WARN__DUPLICATE_METHOD_MATCH = YES;
				COPY_PHASE_STRIP = NO;
				DEBUG_INFORMATION_FORMAT = "dwarf-with-dsym";
				ENABLE_NS_ASSERTIONS = NO;
				ENABLE_STRICT_OBJC_MSGSEND = YES;
				GCC_C_LANGUAGE_STANDARD = gnu11;
				GCC_NO_COMMON_BLOCKS = YES;
				GCC_WARN_64_TO_32_BIT_CONVERSION = YES;
				GCC_WARN_ABOUT_RETURN_TYPE = YES_ERROR;
				GCC_WARN_UNDECLARED_SELECTOR = YES;
				GCC_WARN_UNINITIALIZED_AUTOS = YES_AGGRESSIVE;
				GCC_WARN_UNUSED_FUNCTION = YES;
				GCC_WARN_UNUSED_VARIABLE = YES;
				IPHONEOS_DEPLOYMENT_TARGET = 14.2;
				MTL_ENABLE_DEBUG_INFO = NO;
				MTL_FAST_MATH = YES;
				SDKROOT = iphoneos;
				SWIFT_COMPILATION_MODE = wholemodule;
				SWIFT_OPTIMIZATION_LEVEL = "-O";
				VALIDATE_PRODUCT = YES;
			};
			name = Release;
		};
		AF366F9225A4B3E80075A3C1 /* Debug */ = {
			isa = XCBuildConfiguration;
			buildSettings = {
				ASSETCATALOG_COMPILER_APPICON_NAME = AppIcon;
				ASSETCATALOG_COMPILER_GLOBAL_ACCENT_COLOR_NAME = AccentColor;
				CODE_SIGN_STYLE = Automatic;
				DEVELOPMENT_ASSET_PATHS = "\"Bullseye/Preview Content\"";
				ENABLE_PREVIEWS = YES;
				INFOPLIST_FILE = Bullseye/App/Info.plist;
				IPHONEOS_DEPLOYMENT_TARGET = 14.0;
				LD_RUNPATH_SEARCH_PATHS = (
					"$(inherited)",
					"@executable_path/Frameworks",
				);
				PRODUCT_BUNDLE_IDENTIFIER = com.tulsatech.Bullseye;
				PRODUCT_NAME = "$(TARGET_NAME)";
				SWIFT_VERSION = 5.0;
				TARGETED_DEVICE_FAMILY = "1,2";
			};
			name = Debug;
		};
		AF366F9325A4B3E80075A3C1 /* Release */ = {
			isa = XCBuildConfiguration;
			buildSettings = {
				ASSETCATALOG_COMPILER_APPICON_NAME = AppIcon;
				ASSETCATALOG_COMPILER_GLOBAL_ACCENT_COLOR_NAME = AccentColor;
				CODE_SIGN_STYLE = Automatic;
				DEVELOPMENT_ASSET_PATHS = "\"Bullseye/Preview Content\"";
				ENABLE_PREVIEWS = YES;
				INFOPLIST_FILE = Bullseye/App/Info.plist;
				IPHONEOS_DEPLOYMENT_TARGET = 14.0;
				LD_RUNPATH_SEARCH_PATHS = (
					"$(inherited)",
					"@executable_path/Frameworks",
				);
				PRODUCT_BUNDLE_IDENTIFIER = com.tulsatech.Bullseye;
				PRODUCT_NAME = "$(TARGET_NAME)";
				SWIFT_VERSION = 5.0;
				TARGETED_DEVICE_FAMILY = "1,2";
			};
			name = Release;
		};
		AFFA9AC725A74C3100E0AC54 /* Debug */ = {
			isa = XCBuildConfiguration;
			buildSettings = {
				BUNDLE_LOADER = "$(TEST_HOST)";
				CODE_SIGN_STYLE = Automatic;
				INFOPLIST_FILE = BullseyeTests/Info.plist;
				IPHONEOS_DEPLOYMENT_TARGET = 14.3;
				LD_RUNPATH_SEARCH_PATHS = (
					"$(inherited)",
					"@executable_path/Frameworks",
					"@loader_path/Frameworks",
				);
				PRODUCT_BUNDLE_IDENTIFIER = com.tulsatech.BullseyeTests;
				PRODUCT_NAME = "$(TARGET_NAME)";
				SWIFT_VERSION = 5.0;
				TARGETED_DEVICE_FAMILY = "1,2";
				TEST_HOST = "$(BUILT_PRODUCTS_DIR)/Bullseye.app/Bullseye";
			};
			name = Debug;
		};
		AFFA9AC825A74C3100E0AC54 /* Release */ = {
			isa = XCBuildConfiguration;
			buildSettings = {
				BUNDLE_LOADER = "$(TEST_HOST)";
				CODE_SIGN_STYLE = Automatic;
				INFOPLIST_FILE = BullseyeTests/Info.plist;
				IPHONEOS_DEPLOYMENT_TARGET = 14.3;
				LD_RUNPATH_SEARCH_PATHS = (
					"$(inherited)",
					"@executable_path/Frameworks",
					"@loader_path/Frameworks",
				);
				PRODUCT_BUNDLE_IDENTIFIER = com.tulsatech.BullseyeTests;
				PRODUCT_NAME = "$(TARGET_NAME)";
				SWIFT_VERSION = 5.0;
				TARGETED_DEVICE_FAMILY = "1,2";
				TEST_HOST = "$(BUILT_PRODUCTS_DIR)/Bullseye.app/Bullseye";
			};
			name = Release;
		};
/* End XCBuildConfiguration section */

/* Begin XCConfigurationList section */
		AF366F7D25A4B3E20075A3C1 /* Build configuration list for PBXProject "Bullseye" */ = {
			isa = XCConfigurationList;
			buildConfigurations = (
				AF366F8F25A4B3E80075A3C1 /* Debug */,
				AF366F9025A4B3E80075A3C1 /* Release */,
			);
			defaultConfigurationIsVisible = 0;
			defaultConfigurationName = Release;
		};
		AF366F9125A4B3E80075A3C1 /* Build configuration list for PBXNativeTarget "Bullseye" */ = {
			isa = XCConfigurationList;
			buildConfigurations = (
				AF366F9225A4B3E80075A3C1 /* Debug */,
				AF366F9325A4B3E80075A3C1 /* Release */,
			);
			defaultConfigurationIsVisible = 0;
			defaultConfigurationName = Release;
		};
		AFFA9AC925A74C3100E0AC54 /* Build configuration list for PBXNativeTarget "BullseyeTests" */ = {
			isa = XCConfigurationList;
			buildConfigurations = (
				AFFA9AC725A74C3100E0AC54 /* Debug */,
				AFFA9AC825A74C3100E0AC54 /* Release */,
			);
			defaultConfigurationIsVisible = 0;
			defaultConfigurationName = Release;
		};
/* End XCConfigurationList section */
	};
	rootObject = AF366F7A25A4B3E20075A3C1 /* Project object */;
}
